
Microsoft Visual Studio Solution File, Format Version 12.00
# Visual Studio 14
VisualStudioVersion = 14.0.24720.0
MinimumVisualStudioVersion = 10.0.40219.1
Project("{FAE04EC0-301F-11D3-BF4B-00C04F79EFBC}") = "Engine", "Engine\Engine.csproj", "{8DD5AB8D-1344-4718-B93D-1136FE8A8FE2}"
EndProject
Project("{FAE04EC0-301F-11D3-BF4B-00C04F79EFBC}") = "TestEngine", "TestEngine\TestEngine.csproj", "{3CF25CFF-D870-4D35-B37D-B2D5AC56EA90}"
EndProject
Project("{FAE04EC0-301F-11D3-BF4B-00C04F79EFBC}") = "WPFUI", "WPFUI\WPFUI.csproj", "{DBBFA1E0-3F05-4F43-AA33-904A27A110B1}"
EndProject
Project("{FAE04EC0-301F-11D3-BF4B-00C04F79EFBC}") = "DotNetToolBox", "DotNetToolBox\DotNetToolBox.csproj", "{87BDD369-925C-412E-9496-8E1516A0FB1F}"
EndProject
Project("{FAE04EC0-301F-11D3-BF4B-00C04F79EFBC}") = "TestDotNetToolBox", "TestDotNetToolBox\TestDotNetToolBox.csproj", "{BACEA6EE-4AE9-47AC-8360-71EF75AB8A96}"
EndProject
Global
	GlobalSection(SolutionConfigurationPlatforms) = preSolution
		Debug|Any CPU = Debug|Any CPU
		Release|Any CPU = Release|Any CPU
	EndGlobalSection
	GlobalSection(ProjectConfigurationPlatforms) = postSolution
		{8DD5AB8D-1344-4718-B93D-1136FE8A8FE2}.Debug|Any CPU.ActiveCfg = Debug|Any CPU
		{8DD5AB8D-1344-4718-B93D-1136FE8A8FE2}.Debug|Any CPU.Build.0 = Debug|Any CPU
		{8DD5AB8D-1344-4718-B93D-1136FE8A8FE2}.Release|Any CPU.ActiveCfg = Release|Any CPU
		{8DD5AB8D-1344-4718-B93D-1136FE8A8FE2}.Release|Any CPU.Build.0 = Release|Any CPU
		{3CF25CFF-D870-4D35-B37D-B2D5AC56EA90}.Debug|Any CPU.ActiveCfg = Debug|Any CPU
		{3CF25CFF-D870-4D35-B37D-B2D5AC56EA90}.Debug|Any CPU.Build.0 = Debug|Any CPU
		{3CF25CFF-D870-4D35-B37D-B2D5AC56EA90}.Release|Any CPU.ActiveCfg = Release|Any CPU
		{3CF25CFF-D870-4D35-B37D-B2D5AC56EA90}.Release|Any CPU.Build.0 = Release|Any CPU
		{DBBFA1E0-3F05-4F43-AA33-904A27A110B1}.Debug|Any CPU.ActiveCfg = Debug|Any CPU
		{DBBFA1E0-3F05-4F43-AA33-904A27A110B1}.Debug|Any CPU.Build.0 = Debug|Any CPU
		{DBBFA1E0-3F05-4F43-AA33-904A27A110B1}.Release|Any CPU.ActiveCfg = Release|Any CPU
		{DBBFA1E0-3F05-4F43-AA33-904A27A110B1}.Release|Any CPU.Build.0 = Release|Any CPU
		{87BDD369-925C-412E-9496-8E1516A0FB1F}.Debug|Any CPU.ActiveCfg = Debug|Any CPU
		{87BDD369-925C-412E-9496-8E1516A0FB1F}.Debug|Any CPU.Build.0 = Debug|Any CPU
		{87BDD369-925C-412E-9496-8E1516A0FB1F}.Release|Any CPU.ActiveCfg = Release|Any CPU
		{87BDD369-925C-412E-9496-8E1516A0FB1F}.Release|Any CPU.Build.0 = Release|Any CPU
		{BACEA6EE-4AE9-47AC-8360-71EF75AB8A96}.Debug|Any CPU.ActiveCfg = Debug|Any CPU
		{BACEA6EE-4AE9-47AC-8360-71EF75AB8A96}.Debug|Any CPU.Build.0 = Debug|Any CPU
		{BACEA6EE-4AE9-47AC-8360-71EF75AB8A96}.Release|Any CPU.ActiveCfg = Release|Any CPU
		{BACEA6EE-4AE9-47AC-8360-71EF75AB8A96}.Release|Any CPU.Build.0 = Release|Any CPU
	EndGlobalSection
	GlobalSection(SolutionProperties) = preSolution
		HideSolutionNode = FALSE
	EndGlobalSection
	GlobalSection(ExtensibilityGlobals) = postSolution
		VisualSVNWorkingCopyRoot = .
	EndGlobalSection
EndGlobal
